
Microsoft Visual Studio Solution File, Format Version 12.00
# Visual Studio Version 16
VisualStudioVersion = 16.0.29905.134
MinimumVisualStudioVersion = 10.0.40219.1
Project("{9A19103F-16F7-4668-BE54-9A1E7A4F7556}") = "DataAccess.Library", "DataAccess.Library\DataAccess.Library.csproj", "{8243AEB8-3767-4CA1-88B1-5438C70DE803}"
EndProject
Project("{9A19103F-16F7-4668-BE54-9A1E7A4F7556}") = "TimetableTool.Desktop", "TimetableTool.Desktop\TimetableTool.Desktop.csproj", "{6E11A94C-CFC4-4E63-A497-EE39EA32128E}"
EndProject
Project("{9A19103F-16F7-4668-BE54-9A1E7A4F7556}") = "Logging.Library", "..\FancyTrainsimToolsApp\Logging.Library\Logging.Library.csproj", "{BFE0624C-EA7E-49CB-902F-CD63CE7BA697}"
EndProject
Project("{9A19103F-16F7-4668-BE54-9A1E7A4F7556}") = "Styles.Library", "..\FancyTrainsimToolsApp\Styles.Library\Styles.Library.csproj", "{E89BF1E6-426B-458F-A52C-4BCDDBE69C74}"
EndProject
Project("{9A19103F-16F7-4668-BE54-9A1E7A4F7556}") = "SQLiteDataAcces.Library", "SQLiteDataAcces.Library\SQLiteDataAcces.Library.csproj", "{F892D1FD-186B-4D8B-89BD-2C301E64340D}"
EndProject
Project("{2150E333-8FDC-42A3-9474-1A3956D46DE8}") = "Installer", "Installer", "{7EE6A5A2-DC27-4F8A-856F-08F7DC945159}"
	ProjectSection(SolutionItems) = preProject
		Installer\CSXicon.bmp = Installer\CSXicon.bmp
		Installer\License.txt = Installer\License.txt
		Installer\Readme.txt = Installer\Readme.txt
		Installer\Setup.bmp = Installer\Setup.bmp
		Installer\TimetableToolSetupv0.4.0.iss = Installer\TimetableToolSetupv0.4.0.iss
		Installer\TSW_Cindy_1489778724_00.png = Installer\TSW_Cindy_1489778724_00.png
	EndProjectSection
EndProject
Project("{2150E333-8FDC-42A3-9474-1A3956D46DE8}") = "Manual", "Manual", "{61A0B2FF-6088-4AE1-8150-4338509FF438}"
	ProjectSection(SolutionItems) = preProject
		Manual\TimetableDatamodel.vsdx = Manual\TimetableDatamodel.vsdx
		Manual\Timetabletool images.pub = Manual\Timetabletool images.pub
		Manual\TimetableTool Manual.docx = Manual\TimetableTool Manual.docx
		Manual\TimetableTool Manual.pdf = Manual\TimetableTool Manual.pdf
	EndProjectSection
EndProject
Global
	GlobalSection(SolutionConfigurationPlatforms) = preSolution
		Debug|Any CPU = Debug|Any CPU
		Release|Any CPU = Release|Any CPU
	EndGlobalSection
	GlobalSection(ProjectConfigurationPlatforms) = postSolution
		{8243AEB8-3767-4CA1-88B1-5438C70DE803}.Debug|Any CPU.ActiveCfg = Debug|Any CPU
		{8243AEB8-3767-4CA1-88B1-5438C70DE803}.Debug|Any CPU.Build.0 = Debug|Any CPU
		{8243AEB8-3767-4CA1-88B1-5438C70DE803}.Release|Any CPU.ActiveCfg = Release|Any CPU
		{8243AEB8-3767-4CA1-88B1-5438C70DE803}.Release|Any CPU.Build.0 = Release|Any CPU
		{6E11A94C-CFC4-4E63-A497-EE39EA32128E}.Debug|Any CPU.ActiveCfg = Debug|Any CPU
		{6E11A94C-CFC4-4E63-A497-EE39EA32128E}.Debug|Any CPU.Build.0 = Debug|Any CPU
		{6E11A94C-CFC4-4E63-A497-EE39EA32128E}.Release|Any CPU.ActiveCfg = Release|Any CPU
		{6E11A94C-CFC4-4E63-A497-EE39EA32128E}.Release|Any CPU.Build.0 = Release|Any CPU
		{BFE0624C-EA7E-49CB-902F-CD63CE7BA697}.Debug|Any CPU.ActiveCfg = Debug|Any CPU
		{BFE0624C-EA7E-49CB-902F-CD63CE7BA697}.Debug|Any CPU.Build.0 = Debug|Any CPU
		{BFE0624C-EA7E-49CB-902F-CD63CE7BA697}.Release|Any CPU.ActiveCfg = Release|Any CPU
		{BFE0624C-EA7E-49CB-902F-CD63CE7BA697}.Release|Any CPU.Build.0 = Release|Any CPU
		{E89BF1E6-426B-458F-A52C-4BCDDBE69C74}.Debug|Any CPU.ActiveCfg = Debug|Any CPU
		{E89BF1E6-426B-458F-A52C-4BCDDBE69C74}.Debug|Any CPU.Build.0 = Debug|Any CPU
		{E89BF1E6-426B-458F-A52C-4BCDDBE69C74}.Release|Any CPU.ActiveCfg = Release|Any CPU
		{E89BF1E6-426B-458F-A52C-4BCDDBE69C74}.Release|Any CPU.Build.0 = Release|Any CPU
		{F892D1FD-186B-4D8B-89BD-2C301E64340D}.Debug|Any CPU.ActiveCfg = Debug|Any CPU
		{F892D1FD-186B-4D8B-89BD-2C301E64340D}.Debug|Any CPU.Build.0 = Debug|Any CPU
		{F892D1FD-186B-4D8B-89BD-2C301E64340D}.Release|Any CPU.ActiveCfg = Release|Any CPU
		{F892D1FD-186B-4D8B-89BD-2C301E64340D}.Release|Any CPU.Build.0 = Release|Any CPU
	EndGlobalSection
	GlobalSection(SolutionProperties) = preSolution
		HideSolutionNode = FALSE
	EndGlobalSection
	GlobalSection(ExtensibilityGlobals) = postSolution
		SolutionGuid = {86ED527E-D1AB-4CC5-9E08-0798C21CCB7D}
	EndGlobalSection
EndGlobal
